<?xml version="1.0" encoding="utf-8"?>
<Project ToolsVersion="4.0" xmlns="http://schemas.microsoft.com/developer/msbuild/2003">
  <ItemGroup>
    <Filter Include="소스 파일">
      <UniqueIdentifier>{4FC737F1-C7A5-4376-A066-2A32D752A2FF}</UniqueIdentifier>
      <Extensions>cpp;c;cc;cxx;def;odl;idl;hpj;bat;asm;asmx</Extensions>
    </Filter>
    <Filter Include="헤더 파일">
      <UniqueIdentifier>{93995380-89BD-4b04-88EB-625FBE52EBFB}</UniqueIdentifier>
      <Extensions>h;hpp;hxx;hm;inl;inc;xsd</Extensions>
    </Filter>
    <Filter Include="리소스 파일">
      <UniqueIdentifier>{67DA6AB6-F800-4c08-8B7A-83BB121AAD01}</UniqueIdentifier>
      <Extensions>rc;ico;cur;bmp;dlg;rc2;rct;bin;rgs;gif;jpg;jpeg;jpe;resx;tiff;tif;png;wav;mfcribbon-ms</Extensions>
    </Filter>
    <Filter Include="헤더 파일\HILS">
      <UniqueIdentifier>{3fff24d8-9c4f-4f6c-9af7-f5c5f9c56f68}</UniqueIdentifier>
    </Filter>
    <Filter Include="소스 파일\HILS">
      <UniqueIdentifier>{3ad0b659-4a78-4fd4-b638-2fcfd07243de}</UniqueIdentifier>
    </Filter>
    <Filter Include="소스 파일\MMI">
      <UniqueIdentifier>{079092cd-efc9-4179-9f4d-a70d09fbf7c8}</UniqueIdentifier>
    </Filter>
    <Filter Include="헤더 파일\MMI">
      <UniqueIdentifier>{8a50263c-d251-4b2d-b4a8-1404ecbf0c9b}</UniqueIdentifier>
    </Filter>
  </ItemGroup>
  <ItemGroup>
    <None Include="ReadMe.txt" />
    <None Include="small.ico">
      <Filter>리소스 파일</Filter>
    </None>
    <None Include="HILS.ico">
      <Filter>리소스 파일</Filter>
    </None>
  </ItemGroup>
  <ItemGroup>
    <ClInclude Include="stdafx.h">
      <Filter>헤더 파일</Filter>
    </ClInclude>
    <ClInclude Include="targetver.h">
      <Filter>헤더 파일</Filter>
    </ClInclude>
    <ClInclude Include="Resource.h">
      <Filter>헤더 파일</Filter>
    </ClInclude>
    <ClInclude Include="HILS_Actuator.h">
      <Filter>헤더 파일\HILS</Filter>
    </ClInclude>
    <ClInclude Include="HILS_Forces.h">
      <Filter>헤더 파일\HILS</Filter>
    </ClInclude>
    <ClInclude Include="HILS_Parameter.h">
      <Filter>헤더 파일\HILS</Filter>
    </ClInclude>
    <ClInclude Include="HILS_Serial.h">
      <Filter>헤더 파일\HILS</Filter>
    </ClInclude>
    <ClInclude Include="HILS_System.h">
      <Filter>헤더 파일\HILS</Filter>
    </ClInclude>
    <ClInclude Include="MMI_Google_Earth.h">
      <Filter>헤더 파일\MMI</Filter>
    </ClInclude>
    <ClInclude Include="MMI_Google_Earth_Control.h">
      <Filter>헤더 파일\MMI</Filter>
    </ClInclude>
    <ClInclude Include="MMI_Google_Earth_Window.h">
      <Filter>헤더 파일\MMI</Filter>
    </ClInclude>
    <ClInclude Include="MMI_Opengl_HUD.h">
      <Filter>헤더 파일\MMI</Filter>
    </ClInclude>
    <ClInclude Include="MMI_Opengl_Window.h">
      <Filter>헤더 파일\MMI</Filter>
    </ClInclude>
  </ItemGroup>
  <ItemGroup>
    <ClCompile Include="stdafx.cpp">
      <Filter>소스 파일</Filter>
    </ClCompile>
    <ClCompile Include="HILS_Actuator.cpp">
      <Filter>소스 파일\HILS</Filter>
    </ClCompile>
    <ClCompile Include="HILS_Forces.cpp">
      <Filter>소스 파일\HILS</Filter>
    </ClCompile>
    <ClCompile Include="HILS_Parameter.cpp">
      <Filter>소스 파일\HILS</Filter>
    </ClCompile>
    <ClCompile Include="HILS_Serial.cpp">
      <Filter>소스 파일\HILS</Filter>
    </ClCompile>
    <ClCompile Include="HILS_System.cpp">
      <Filter>소스 파일\HILS</Filter>
    </ClCompile>
    <ClCompile Include="HILS_main.cpp">
      <Filter>소스 파일</Filter>
    </ClCompile>
    <ClCompile Include="MMI_Google_Earth.cpp">
      <Filter>소스 파일\MMI</Filter>
    </ClCompile>
    <ClCompile Include="MMI_Google_Earth_Control.cpp">
      <Filter>소스 파일\MMI</Filter>
    </ClCompile>
    <ClCompile Include="MMI_Google_Earth_Window.cpp">
      <Filter>소스 파일\MMI</Filter>
    </ClCompile>
    <ClCompile Include="MMI_Opengl_HUD.cpp">
      <Filter>소스 파일\MMI</Filter>
    </ClCompile>
    <ClCompile Include="MMI_Opengl_Window.cpp">
      <Filter>소스 파일\MMI</Filter>
    </ClCompile>
  </ItemGroup>
  <ItemGroup>
    <ResourceCompile Include="HILS.rc">
      <Filter>리소스 파일</Filter>
    </ResourceCompile>
  </ItemGroup>
</Project>